
Microsoft Visual Studio Solution File, Format Version 10.00
# Visual Studio 2008
Project("{8BC9CEB8-8B4A-11D0-8D11-00A0C91BC942}") = "StringComparison", "StringComparison\StringComparison.vcproj", "{13F012CB-2396-4253-9814-1EA92B7A9D5E}"
EndProject
Global
	GlobalSection(SolutionConfigurationPlatforms) = preSolution
		Debug|Win32 = Debug|Win32
		Release|Win32 = Release|Win32
	EndGlobalSection
	GlobalSection(ProjectConfigurationPlatforms) = postSolution
		{13F012CB-2396-4253-9814-1EA92B7A9D5E}.Debug|Win32.ActiveCfg = Debug|Win32
		{13F012CB-2396-4253-9814-1EA92B7A9D5E}.Debug|Win32.Build.0 = Debug|Win32
		{13F012CB-2396-4253-9814-1EA92B7A9D5E}.Release|Win32.ActiveCfg = Release|Win32
		{13F012CB-2396-4253-9814-1EA92B7A9D5E}.Release|Win32.Build.0 = Release|Win32
	EndGlobalSection
	GlobalSection(SolutionProperties) = preSolution
		HideSolutionNode = FALSE
	EndGlobalSection
EndGlobal
